# This file is automatically @generated by Cargo.
# It is not intended for manual editing.
[[package]]
name = "cc"
version = "1.0.67"
source = "registry+https://github.com/rust-lang/crates.io-index"
checksum = "e3c69b077ad434294d3ce9f1f6143a2a4b89a8a2d54ef813d85003a4fd1137fd"

[[package]]
name = "libmimalloc-sys"
version = "0.1.21"
source = "registry+https://github.com/rust-lang/crates.io-index"
checksum = "2396cf99d2f58611cd69f0efeee4af3d2e2c7b61bed433515029163aa567e65c"
dependencies = [
 "cc",
]

[[package]]
name = "main"
version = "0.1.0"
dependencies = [
 "mimalloc",
]

[[package]]
name = "mimalloc"
version = "0.1.25"
source = "registry+https://github.com/rust-lang/crates.io-index"
checksum = "1e7c6b11afd1e5e689ac96b6d18b1fc763398fe3d7eed99e8773426bc2033dfb"
dependencies = [
 "libmimalloc-sys",
]
